
Microsoft Visual Studio Solution File, Format Version 12.00
# Visual Studio Version 17
VisualStudioVersion = 17.11.35219.272
MinimumVisualStudioVersion = 10.0.40219.1
Project("{FAE04EC0-301F-11D3-BF4B-00C04F79EFBC}") = "Controller", "Controller\Controller.csproj", "{7C881706-29F1-4F7E-A023-705075E0ABDD}"
EndProject
Project("{FAE04EC0-301F-11D3-BF4B-00C04F79EFBC}") = "View", "View\View.csproj", "{8667A179-3DEA-440E-90F0-72089814525D}"
EndProject
Global
	GlobalSection(SolutionConfigurationPlatforms) = preSolution
		Debug|Any CPU = Debug|Any CPU
		Release|Any CPU = Release|Any CPU
	EndGlobalSection
	GlobalSection(ProjectConfigurationPlatforms) = postSolution
		{7C881706-29F1-4F7E-A023-705075E0ABDD}.Debug|Any CPU.ActiveCfg = Debug|Any CPU
		{7C881706-29F1-4F7E-A023-705075E0ABDD}.Debug|Any CPU.Build.0 = Debug|Any CPU
		{7C881706-29F1-4F7E-A023-705075E0ABDD}.Release|Any CPU.ActiveCfg = Release|Any CPU
		{7C881706-29F1-4F7E-A023-705075E0ABDD}.Release|Any CPU.Build.0 = Release|Any CPU
		{8667A179-3DEA-440E-90F0-72089814525D}.Debug|Any CPU.ActiveCfg = Debug|Any CPU
		{8667A179-3DEA-440E-90F0-72089814525D}.Debug|Any CPU.Build.0 = Debug|Any CPU
		{8667A179-3DEA-440E-90F0-72089814525D}.Release|Any CPU.ActiveCfg = Release|Any CPU
		{8667A179-3DEA-440E-90F0-72089814525D}.Release|Any CPU.Build.0 = Release|Any CPU
	EndGlobalSection
	GlobalSection(SolutionProperties) = preSolution
		HideSolutionNode = FALSE
	EndGlobalSection
	GlobalSection(ExtensibilityGlobals) = postSolution
		SolutionGuid = {0C6E88C4-0D01-42C6-85A7-00ABF1EFF887}
	EndGlobalSection
EndGlobal
